
Microsoft Visual Studio Solution File, Format Version 12.00
# Visual Studio Version 17
VisualStudioVersion = 17.7.34031.279
MinimumVisualStudioVersion = 10.0.40219.1
Project("{FAE04EC0-301F-11D3-BF4B-00C04F79EFBC}") = "Group Project COSC 31112", "Group Project COSC 31112.csproj", "{42A6FFAF-F78A-4A89-9CF7-22F310BE242E}"
EndProject
Global
	GlobalSection(SolutionConfigurationPlatforms) = preSolution
		Debug|Any CPU = Debug|Any CPU
		Release|Any CPU = Release|Any CPU
	EndGlobalSection
	GlobalSection(ProjectConfigurationPlatforms) = postSolution
		{42A6FFAF-F78A-4A89-9CF7-22F310BE242E}.Debug|Any CPU.ActiveCfg = Debug|Any CPU
		{42A6FFAF-F78A-4A89-9CF7-22F310BE242E}.Debug|Any CPU.Build.0 = Debug|Any CPU
		{42A6FFAF-F78A-4A89-9CF7-22F310BE242E}.Release|Any CPU.ActiveCfg = Release|Any CPU
		{42A6FFAF-F78A-4A89-9CF7-22F310BE242E}.Release|Any CPU.Build.0 = Release|Any CPU
	EndGlobalSection
	GlobalSection(SolutionProperties) = preSolution
		HideSolutionNode = FALSE
	EndGlobalSection
	GlobalSection(ExtensibilityGlobals) = postSolution
		SolutionGuid = {E53B4227-3034-491D-AABB-D2B860B4F3C3}
	EndGlobalSection
EndGlobal
